
Microsoft Visual Studio Solution File, Format Version 12.00
# Visual Studio Version 17
VisualStudioVersion = 17.11.35222.181
MinimumVisualStudioVersion = 10.0.40219.1
Project("{FAE04EC0-301F-11D3-BF4B-00C04F79EFBC}") = "Varosok", "Varosok.csproj", "{EEA17A5C-1781-42A5-864C-14718E43F69D}"
EndProject
Global
	GlobalSection(SolutionConfigurationPlatforms) = preSolution
		Debug|Any CPU = Debug|Any CPU
		Release|Any CPU = Release|Any CPU
	EndGlobalSection
	GlobalSection(ProjectConfigurationPlatforms) = postSolution
		{EEA17A5C-1781-42A5-864C-14718E43F69D}.Debug|Any CPU.ActiveCfg = Debug|Any CPU
		{EEA17A5C-1781-42A5-864C-14718E43F69D}.Debug|Any CPU.Build.0 = Debug|Any CPU
		{EEA17A5C-1781-42A5-864C-14718E43F69D}.Release|Any CPU.ActiveCfg = Release|Any CPU
		{EEA17A5C-1781-42A5-864C-14718E43F69D}.Release|Any CPU.Build.0 = Release|Any CPU
	EndGlobalSection
	GlobalSection(SolutionProperties) = preSolution
		HideSolutionNode = FALSE
	EndGlobalSection
	GlobalSection(ExtensibilityGlobals) = postSolution
		SolutionGuid = {7C84E7B4-9EFA-40AC-8327-C631C1B32E2D}
	EndGlobalSection
EndGlobal
